
Microsoft Visual Studio Solution File, Format Version 12.00
# Visual Studio Version 16
VisualStudioVersion = 16.0.31321.278
MinimumVisualStudioVersion = 10.0.40219.1
Project("{9A19103F-16F7-4668-BE54-9A1E7A4F7556}") = "Persistence", "src\Persistence\Persistence.csproj", "{D4939921-78C3-4DDD-A6E4-82E6DF7C0A84}"
EndProject
Project("{9A19103F-16F7-4668-BE54-9A1E7A4F7556}") = "Domain", "src\Domain\Domain.csproj", "{BED89DD3-1201-4F5B-9BA2-13637C733899}"
EndProject
Project("{9A19103F-16F7-4668-BE54-9A1E7A4F7556}") = "Application", "src\Application\Application.csproj", "{79F47076-4E37-4CF7-84B0-A6C8BE3B71CA}"
EndProject
Project("{9A19103F-16F7-4668-BE54-9A1E7A4F7556}") = "WebUI", "src\WebUI\WebUI.csproj", "{DCBBD57C-0EDD-4D71-BBCC-160B8126D23C}"
EndProject
Project("{9A19103F-16F7-4668-BE54-9A1E7A4F7556}") = "Infrastructure", "src\Infrastructure\Infrastructure.csproj", "{74A3BF94-104C-4562-9B70-A0131783B139}"
EndProject
Project("{9A19103F-16F7-4668-BE54-9A1E7A4F7556}") = "Common", "src\Common\Common.csproj", "{CE571C3F-7C68-4F0D-9D77-C1103E4FBA72}"
EndProject
Project("{2150E333-8FDC-42A3-9474-1A3956D46DE8}") = "Tests", "Tests", "{EF38ED14-D124-497E-B5C4-D1086C1CBDEE}"
EndProject
Project("{9A19103F-16F7-4668-BE54-9A1E7A4F7556}") = "Application.UnitTests", "tests\Application.UnitTests\Application.UnitTests.csproj", "{C71D964C-22B4-4C33-B6DE-AF48E7B1BA65}"
EndProject
Global
	GlobalSection(SolutionConfigurationPlatforms) = preSolution
		Debug|Any CPU = Debug|Any CPU
		Release|Any CPU = Release|Any CPU
	EndGlobalSection
	GlobalSection(ProjectConfigurationPlatforms) = postSolution
		{D4939921-78C3-4DDD-A6E4-82E6DF7C0A84}.Debug|Any CPU.ActiveCfg = Debug|Any CPU
		{D4939921-78C3-4DDD-A6E4-82E6DF7C0A84}.Debug|Any CPU.Build.0 = Debug|Any CPU
		{D4939921-78C3-4DDD-A6E4-82E6DF7C0A84}.Release|Any CPU.ActiveCfg = Release|Any CPU
		{D4939921-78C3-4DDD-A6E4-82E6DF7C0A84}.Release|Any CPU.Build.0 = Release|Any CPU
		{BED89DD3-1201-4F5B-9BA2-13637C733899}.Debug|Any CPU.ActiveCfg = Debug|Any CPU
		{BED89DD3-1201-4F5B-9BA2-13637C733899}.Debug|Any CPU.Build.0 = Debug|Any CPU
		{BED89DD3-1201-4F5B-9BA2-13637C733899}.Release|Any CPU.ActiveCfg = Release|Any CPU
		{BED89DD3-1201-4F5B-9BA2-13637C733899}.Release|Any CPU.Build.0 = Release|Any CPU
		{79F47076-4E37-4CF7-84B0-A6C8BE3B71CA}.Debug|Any CPU.ActiveCfg = Debug|Any CPU
		{79F47076-4E37-4CF7-84B0-A6C8BE3B71CA}.Debug|Any CPU.Build.0 = Debug|Any CPU
		{79F47076-4E37-4CF7-84B0-A6C8BE3B71CA}.Release|Any CPU.ActiveCfg = Release|Any CPU
		{79F47076-4E37-4CF7-84B0-A6C8BE3B71CA}.Release|Any CPU.Build.0 = Release|Any CPU
		{DCBBD57C-0EDD-4D71-BBCC-160B8126D23C}.Debug|Any CPU.ActiveCfg = Debug|Any CPU
		{DCBBD57C-0EDD-4D71-BBCC-160B8126D23C}.Debug|Any CPU.Build.0 = Debug|Any CPU
		{DCBBD57C-0EDD-4D71-BBCC-160B8126D23C}.Release|Any CPU.ActiveCfg = Release|Any CPU
		{DCBBD57C-0EDD-4D71-BBCC-160B8126D23C}.Release|Any CPU.Build.0 = Release|Any CPU
		{74A3BF94-104C-4562-9B70-A0131783B139}.Debug|Any CPU.ActiveCfg = Debug|Any CPU
		{74A3BF94-104C-4562-9B70-A0131783B139}.Debug|Any CPU.Build.0 = Debug|Any CPU
		{74A3BF94-104C-4562-9B70-A0131783B139}.Release|Any CPU.ActiveCfg = Release|Any CPU
		{74A3BF94-104C-4562-9B70-A0131783B139}.Release|Any CPU.Build.0 = Release|Any CPU
		{CE571C3F-7C68-4F0D-9D77-C1103E4FBA72}.Debug|Any CPU.ActiveCfg = Debug|Any CPU
		{CE571C3F-7C68-4F0D-9D77-C1103E4FBA72}.Debug|Any CPU.Build.0 = Debug|Any CPU
		{CE571C3F-7C68-4F0D-9D77-C1103E4FBA72}.Release|Any CPU.ActiveCfg = Release|Any CPU
		{CE571C3F-7C68-4F0D-9D77-C1103E4FBA72}.Release|Any CPU.Build.0 = Release|Any CPU
		{C71D964C-22B4-4C33-B6DE-AF48E7B1BA65}.Debug|Any CPU.ActiveCfg = Debug|Any CPU
		{C71D964C-22B4-4C33-B6DE-AF48E7B1BA65}.Debug|Any CPU.Build.0 = Debug|Any CPU
		{C71D964C-22B4-4C33-B6DE-AF48E7B1BA65}.Release|Any CPU.ActiveCfg = Release|Any CPU
		{C71D964C-22B4-4C33-B6DE-AF48E7B1BA65}.Release|Any CPU.Build.0 = Release|Any CPU
	EndGlobalSection
	GlobalSection(SolutionProperties) = preSolution
		HideSolutionNode = FALSE
	EndGlobalSection
	GlobalSection(NestedProjects) = preSolution
		{C71D964C-22B4-4C33-B6DE-AF48E7B1BA65} = {EF38ED14-D124-497E-B5C4-D1086C1CBDEE}
	EndGlobalSection
	GlobalSection(ExtensibilityGlobals) = postSolution
		SolutionGuid = {23DB9F85-CD4D-4CDC-877B-9728B83FEBA5}
	EndGlobalSection
EndGlobal
